
Microsoft Visual Studio Solution File, Format Version 12.00
# Visual Studio 15
VisualStudioVersion = 15.0.28307.572
MinimumVisualStudioVersion = 10.0.40219.1
Project("{FAE04EC0-301F-11D3-BF4B-00C04F79EFBC}") = "TPJeuVideo", "TPJeuVideo\TPJeuVideo.csproj", "{D377A4ED-F256-43D9-9A38-3F89A0E14E93}"
EndProject
Global
	GlobalSection(SolutionConfigurationPlatforms) = preSolution
		Debug|Any CPU = Debug|Any CPU
		Release|Any CPU = Release|Any CPU
	EndGlobalSection
	GlobalSection(ProjectConfigurationPlatforms) = postSolution
		{D377A4ED-F256-43D9-9A38-3F89A0E14E93}.Debug|Any CPU.ActiveCfg = Debug|Any CPU
		{D377A4ED-F256-43D9-9A38-3F89A0E14E93}.Debug|Any CPU.Build.0 = Debug|Any CPU
		{D377A4ED-F256-43D9-9A38-3F89A0E14E93}.Release|Any CPU.ActiveCfg = Release|Any CPU
		{D377A4ED-F256-43D9-9A38-3F89A0E14E93}.Release|Any CPU.Build.0 = Release|Any CPU
	EndGlobalSection
	GlobalSection(SolutionProperties) = preSolution
		HideSolutionNode = FALSE
	EndGlobalSection
	GlobalSection(ExtensibilityGlobals) = postSolution
		SolutionGuid = {444DF641-B126-42BD-A3C7-6292623FD2F1}
	EndGlobalSection
EndGlobal
